
Microsoft Visual Studio Solution File, Format Version 12.00
# Visual Studio Version 17
VisualStudioVersion = 17.14.36518.9
MinimumVisualStudioVersion = 10.0.40219.1
Project("{FAE04EC0-301F-11D3-BF4B-00C04F79EFBC}") = "Inventory-Atlas.Core", "Inventory-Atlas.Core\Inventory-Atlas.Core.csproj", "{699F4172-0A31-4AF7-BD5B-D66B7F77839D}"
EndProject
Project("{FAE04EC0-301F-11D3-BF4B-00C04F79EFBC}") = "Inventory-Atlas.Application", "Inventory-Atlas.Application\Inventory-Atlas.Application.csproj", "{9A2EE8CB-0D01-450B-8FDF-8CA335FFE7D9}"
EndProject
Project("{FAE04EC0-301F-11D3-BF4B-00C04F79EFBC}") = "Inventory-Atlas.Infrastructure", "Inventory-Atlas.Infrastructure\Inventory-Atlas.Infrastructure.csproj", "{B7376055-96A9-446C-A48B-1E1D774C5D58}"
EndProject
Project("{2150E333-8FDC-42A3-9474-1A3956D46DE8}") = "Tests", "Tests", "{36D591C7-65C7-A0D1-1CBC-10CDE441BDC8}"
EndProject
Project("{FAE04EC0-301F-11D3-BF4B-00C04F79EFBC}") = "Test.Application", "Test.Application\Test.Application.csproj", "{3A83F593-152F-4CB9-B801-82A016E1A4D5}"
EndProject
Project("{FAE04EC0-301F-11D3-BF4B-00C04F79EFBC}") = "Inventory-Atlas.Server", "Inventory-Atlas.Server\Inventory-Atlas.Server.csproj", "{48380BB4-88F8-51D6-0D45-DFF2A6FEAFA3}"
EndProject
Project("{FAE04EC0-301F-11D3-BF4B-00C04F79EFBC}") = "Inventory_Atlas.Auditor", "Inventory_Atlas.Auditor\Inventory_Atlas.Auditor.csproj", "{06408A77-38E0-47F6-811E-4D348FBA60E6}"
EndProject
Global
	GlobalSection(SolutionConfigurationPlatforms) = preSolution
		Debug|Any CPU = Debug|Any CPU
		Release|Any CPU = Release|Any CPU
	EndGlobalSection
	GlobalSection(ProjectConfigurationPlatforms) = postSolution
		{699F4172-0A31-4AF7-BD5B-D66B7F77839D}.Debug|Any CPU.ActiveCfg = Debug|Any CPU
		{699F4172-0A31-4AF7-BD5B-D66B7F77839D}.Debug|Any CPU.Build.0 = Debug|Any CPU
		{699F4172-0A31-4AF7-BD5B-D66B7F77839D}.Release|Any CPU.ActiveCfg = Release|Any CPU
		{699F4172-0A31-4AF7-BD5B-D66B7F77839D}.Release|Any CPU.Build.0 = Release|Any CPU
		{9A2EE8CB-0D01-450B-8FDF-8CA335FFE7D9}.Debug|Any CPU.ActiveCfg = Debug|Any CPU
		{9A2EE8CB-0D01-450B-8FDF-8CA335FFE7D9}.Debug|Any CPU.Build.0 = Debug|Any CPU
		{9A2EE8CB-0D01-450B-8FDF-8CA335FFE7D9}.Release|Any CPU.ActiveCfg = Release|Any CPU
		{9A2EE8CB-0D01-450B-8FDF-8CA335FFE7D9}.Release|Any CPU.Build.0 = Release|Any CPU
		{B7376055-96A9-446C-A48B-1E1D774C5D58}.Debug|Any CPU.ActiveCfg = Debug|Any CPU
		{B7376055-96A9-446C-A48B-1E1D774C5D58}.Debug|Any CPU.Build.0 = Debug|Any CPU
		{B7376055-96A9-446C-A48B-1E1D774C5D58}.Release|Any CPU.ActiveCfg = Release|Any CPU
		{B7376055-96A9-446C-A48B-1E1D774C5D58}.Release|Any CPU.Build.0 = Release|Any CPU
		{3A83F593-152F-4CB9-B801-82A016E1A4D5}.Debug|Any CPU.ActiveCfg = Debug|Any CPU
		{3A83F593-152F-4CB9-B801-82A016E1A4D5}.Debug|Any CPU.Build.0 = Debug|Any CPU
		{3A83F593-152F-4CB9-B801-82A016E1A4D5}.Release|Any CPU.ActiveCfg = Release|Any CPU
		{3A83F593-152F-4CB9-B801-82A016E1A4D5}.Release|Any CPU.Build.0 = Release|Any CPU
		{48380BB4-88F8-51D6-0D45-DFF2A6FEAFA3}.Debug|Any CPU.ActiveCfg = Debug|Any CPU
		{48380BB4-88F8-51D6-0D45-DFF2A6FEAFA3}.Debug|Any CPU.Build.0 = Debug|Any CPU
		{48380BB4-88F8-51D6-0D45-DFF2A6FEAFA3}.Release|Any CPU.ActiveCfg = Release|Any CPU
		{48380BB4-88F8-51D6-0D45-DFF2A6FEAFA3}.Release|Any CPU.Build.0 = Release|Any CPU
		{06408A77-38E0-47F6-811E-4D348FBA60E6}.Debug|Any CPU.ActiveCfg = Debug|Any CPU
		{06408A77-38E0-47F6-811E-4D348FBA60E6}.Debug|Any CPU.Build.0 = Debug|Any CPU
		{06408A77-38E0-47F6-811E-4D348FBA60E6}.Release|Any CPU.ActiveCfg = Release|Any CPU
		{06408A77-38E0-47F6-811E-4D348FBA60E6}.Release|Any CPU.Build.0 = Release|Any CPU
	EndGlobalSection
	GlobalSection(SolutionProperties) = preSolution
		HideSolutionNode = FALSE
	EndGlobalSection
	GlobalSection(NestedProjects) = preSolution
		{3A83F593-152F-4CB9-B801-82A016E1A4D5} = {36D591C7-65C7-A0D1-1CBC-10CDE441BDC8}
	EndGlobalSection
	GlobalSection(ExtensibilityGlobals) = postSolution
		SolutionGuid = {33E1D34F-CA16-43B2-94C7-BC57DB368EAE}
	EndGlobalSection
EndGlobal
